
Microsoft Visual Studio Solution File, Format Version 12.00
# Visual Studio 15
VisualStudioVersion = 15.0.27428.2037
MinimumVisualStudioVersion = 10.0.40219.1
Project("{FAE04EC0-301F-11D3-BF4B-00C04F79EFBC}") = "Graff", "Graff\Graff.csproj", "{A5FEA93C-9211-4AB7-8154-66FE9A9BE8CD}"
EndProject
Global
	GlobalSection(SolutionConfigurationPlatforms) = preSolution
		Debug|Any CPU = Debug|Any CPU
		Release|Any CPU = Release|Any CPU
	EndGlobalSection
	GlobalSection(ProjectConfigurationPlatforms) = postSolution
		{A5FEA93C-9211-4AB7-8154-66FE9A9BE8CD}.Debug|Any CPU.ActiveCfg = Debug|Any CPU
		{A5FEA93C-9211-4AB7-8154-66FE9A9BE8CD}.Debug|Any CPU.Build.0 = Debug|Any CPU
		{A5FEA93C-9211-4AB7-8154-66FE9A9BE8CD}.Debug|Any CPU.Deploy.0 = Debug|Any CPU
		{A5FEA93C-9211-4AB7-8154-66FE9A9BE8CD}.Release|Any CPU.ActiveCfg = Release|Any CPU
		{A5FEA93C-9211-4AB7-8154-66FE9A9BE8CD}.Release|Any CPU.Build.0 = Release|Any CPU
		{A5FEA93C-9211-4AB7-8154-66FE9A9BE8CD}.Release|Any CPU.Deploy.0 = Release|Any CPU
	EndGlobalSection
	GlobalSection(SolutionProperties) = preSolution
		HideSolutionNode = FALSE
	EndGlobalSection
	GlobalSection(ExtensibilityGlobals) = postSolution
		SolutionGuid = {F28DDD54-7DC4-4281-9DF0-E8236106FF95}
	EndGlobalSection
EndGlobal
